<?xml version="1.0" encoding="utf-8"?>
<Project ToolsVersion="4.0" xmlns="http://schemas.microsoft.com/developer/msbuild/2003">
  <ItemGroup>
    <Filter Include="Source Files">
      <UniqueIdentifier>{4FC737F1-C7A5-4376-A066-2A32D752A2FF}</UniqueIdentifier>
      <Extensions>cpp;c;cc;cxx;c++;cppm;ixx;def;odl;idl;hpj;bat;asm;asmx</Extensions>
    </Filter>
    <Filter Include="C++">
      <UniqueIdentifier>{9ad31659-f857-4a1f-b0cc-60d0af9a5fd9}</UniqueIdentifier>
    </Filter>
  </ItemGroup>
  <ItemGroup>
    <ClCompile Include="main.c">
      <Filter>Source Files</Filter>
    </ClCompile>
    <ClCompile Include="takesomethingreturn.c">
      <Filter>Source Files</Filter>
    </ClCompile>
    <ClCompile Include="array2dimensonal.c">
      <Filter>Source Files</Filter>
    </ClCompile>
    <ClCompile Include="switch.c">
      <Filter>Source Files</Filter>
    </ClCompile>
    <ClCompile Include="Recursion.c">
      <Filter>Source Files</Filter>
    </ClCompile>
    <ClCompile Include="Strings.c">
      <Filter>Source Files</Filter>
    </ClCompile>
    <ClCompile Include="Pointers.c">
      <Filter>Source Files</Filter>
    </ClCompile>
    <ClCompile Include="Structure.c">
      <Filter>Source Files</Filter>
    </ClCompile>
    <ClCompile Include="Union.c">
      <Filter>Source Files</Filter>
    </ClCompile>
    <ClCompile Include="DMA.c">
      <Filter>Source Files</Filter>
    </ClCompile>
    <ClCompile Include="Enumerators.c">
      <Filter>Source Files</Filter>
    </ClCompile>
    <ClCompile Include="typedef.c">
      <Filter>Source Files</Filter>
    </ClCompile>
    <ClCompile Include="#define.c">
      <Filter>Source Files</Filter>
    </ClCompile>
    <ClCompile Include="File_handling.c">
      <Filter>Source Files</Filter>
    </ClCompile>
    <ClCompile Include="doubts.c">
      <Filter>Source Files</Filter>
    </ClCompile>
    <ClCompile Include="fwrite &amp; fread program.c">
      <Filter>Source Files</Filter>
    </ClCompile>
    <ClCompile Include="Storage classes.c">
      <Filter>Source Files</Filter>
    </ClCompile>
    <ClCompile Include="Bit Fields.c">
      <Filter>Source Files</Filter>
    </ClCompile>
    <ClCompile Include="Command Line Arguments.c">
      <Filter>Source Files</Filter>
    </ClCompile>
    <ClCompile Include="graphics.c">
      <Filter>Source Files</Filter>
    </ClCompile>
    <ClCompile Include="const.c">
      <Filter>Source Files</Filter>
    </ClCompile>
    <ClCompile Include="star pattern.c">
      <Filter>Source Files</Filter>
    </ClCompile>
    <ClCompile Include="Wild Pointer.c">
      <Filter>Source Files</Filter>
    </ClCompile>
    <ClCompile Include="circular linked list.c">
      <Filter>Source Files</Filter>
    </ClCompile>
    <ClCompile Include="Linked List.c">
      <Filter>Source Files</Filter>
    </ClCompile>
    <ClCompile Include="callback method.c">
      <Filter>Source Files</Filter>
    </ClCompile>
    <ClCompile Include="array.c">
      <Filter>Source Files</Filter>
    </ClCompile>
    <ClCompile Include="Classes &amp; object.cpp">
      <Filter>C++</Filter>
    </ClCompile>
    <ClCompile Include="cout &amp; cin.cpp">
      <Filter>C++</Filter>
    </ClCompile>
    <ClCompile Include="Reference Variables.cpp">
      <Filter>C++</Filter>
    </ClCompile>
    <ClCompile Include="inline.cpp">
      <Filter>C++</Filter>
    </ClCompile>
    <ClCompile Include="Default Arguements.cpp">
      <Filter>C++</Filter>
    </ClCompile>
    <ClCompile Include="Function overloading.cpp">
      <Filter>C++</Filter>
    </ClCompile>
    <ClCompile Include="Structure.cpp">
      <Filter>C++</Filter>
    </ClCompile>
    <ClCompile Include="Class &amp; Static Members.cpp">
      <Filter>C++</Filter>
    </ClCompile>
    <ClCompile Include="Constructor.cpp">
      <Filter>C++</Filter>
    </ClCompile>
    <ClCompile Include="Operator overloading.cpp">
      <Filter>C++</Filter>
    </ClCompile>
  </ItemGroup>
  <ItemGroup>
    <None Include="..\switchcontrol.c">
      <Filter>Source Files</Filter>
    </None>
  </ItemGroup>
</Project>